
Microsoft Visual Studio Solution File, Format Version 12.00
# Visual Studio Version 17
VisualStudioVersion = 17.10.35122.118
MinimumVisualStudioVersion = 10.0.40219.1
Project("{8BC9CEB8-8B4A-11D0-8D11-00A0C91BC942}") = "Project2", "Project2\Project2.vcxproj", "{9826AF21-3BB3-4436-9349-C9A52A50FF68}"
EndProject
Global
	GlobalSection(SolutionConfigurationPlatforms) = preSolution
		Debug|x64 = Debug|x64
		Debug|x86 = Debug|x86
		Release|x64 = Release|x64
		Release|x86 = Release|x86
	EndGlobalSection
	GlobalSection(ProjectConfigurationPlatforms) = postSolution
		{9826AF21-3BB3-4436-9349-C9A52A50FF68}.Debug|x64.ActiveCfg = Debug|x64
		{9826AF21-3BB3-4436-9349-C9A52A50FF68}.Debug|x64.Build.0 = Debug|x64
		{9826AF21-3BB3-4436-9349-C9A52A50FF68}.Debug|x86.ActiveCfg = Debug|Win32
		{9826AF21-3BB3-4436-9349-C9A52A50FF68}.Debug|x86.Build.0 = Debug|Win32
		{9826AF21-3BB3-4436-9349-C9A52A50FF68}.Release|x64.ActiveCfg = Release|x64
		{9826AF21-3BB3-4436-9349-C9A52A50FF68}.Release|x64.Build.0 = Release|x64
		{9826AF21-3BB3-4436-9349-C9A52A50FF68}.Release|x86.ActiveCfg = Release|Win32
		{9826AF21-3BB3-4436-9349-C9A52A50FF68}.Release|x86.Build.0 = Release|Win32
	EndGlobalSection
	GlobalSection(SolutionProperties) = preSolution
		HideSolutionNode = FALSE
	EndGlobalSection
	GlobalSection(ExtensibilityGlobals) = postSolution
		SolutionGuid = {001F3CB6-C6F5-41E6-9E0B-5D9A77CFCD16}
	EndGlobalSection
EndGlobal
